
Microsoft Visual Studio Solution File, Format Version 12.00
# Visual Studio 15
VisualStudioVersion = 15.0.28306.52
MinimumVisualStudioVersion = 10.0.40219.1
Project("{FAE04EC0-301F-11D3-BF4B-00C04F79EFBC}") = "PlcCommunication", "PlcCommunication\PlcCommunication.csproj", "{4AECF826-E800-41E8-93F8-6475FB0A58F7}"
EndProject
Project("{FAE04EC0-301F-11D3-BF4B-00C04F79EFBC}") = "PlcLib.Test", "PlcLib.Test\PlcLib.Test.csproj", "{4B99683D-5B25-4774-8A01-1DD8712478B4}"
EndProject
Project("{FAE04EC0-301F-11D3-BF4B-00C04F79EFBC}") = "MelsecPLCDemo", "MelsecPLCDemo\MelsecPLCDemo.csproj", "{24FB617B-BCAB-4559-8B8A-53EB3571A5DE}"
EndProject
Project("{2150E333-8FDC-42A3-9474-1A3956D46DE8}") = "Solution Items", "Solution Items", "{3D88A116-AB4C-4256-8B16-82E538E65BEA}"
	ProjectSection(SolutionItems) = preProject
		Readme.md = Readme.md
	EndProjectSection
EndProject
Project("{FAE04EC0-301F-11D3-BF4B-00C04F79EFBC}") = "PLCConfigFileGenerator", "PLCConfigFileGenerator\PLCConfigFileGenerator.csproj", "{01BADB86-9C11-4FD8-94E9-171EB5428C19}"
EndProject
Global
	GlobalSection(SolutionConfigurationPlatforms) = preSolution
		Debug|Any CPU = Debug|Any CPU
		Release|Any CPU = Release|Any CPU
	EndGlobalSection
	GlobalSection(ProjectConfigurationPlatforms) = postSolution
		{4AECF826-E800-41E8-93F8-6475FB0A58F7}.Debug|Any CPU.ActiveCfg = Debug|Any CPU
		{4AECF826-E800-41E8-93F8-6475FB0A58F7}.Debug|Any CPU.Build.0 = Debug|Any CPU
		{4AECF826-E800-41E8-93F8-6475FB0A58F7}.Release|Any CPU.ActiveCfg = Release|Any CPU
		{4AECF826-E800-41E8-93F8-6475FB0A58F7}.Release|Any CPU.Build.0 = Release|Any CPU
		{4B99683D-5B25-4774-8A01-1DD8712478B4}.Debug|Any CPU.ActiveCfg = Debug|Any CPU
		{4B99683D-5B25-4774-8A01-1DD8712478B4}.Debug|Any CPU.Build.0 = Debug|Any CPU
		{4B99683D-5B25-4774-8A01-1DD8712478B4}.Release|Any CPU.ActiveCfg = Release|Any CPU
		{4B99683D-5B25-4774-8A01-1DD8712478B4}.Release|Any CPU.Build.0 = Release|Any CPU
		{24FB617B-BCAB-4559-8B8A-53EB3571A5DE}.Debug|Any CPU.ActiveCfg = Debug|Any CPU
		{24FB617B-BCAB-4559-8B8A-53EB3571A5DE}.Debug|Any CPU.Build.0 = Debug|Any CPU
		{24FB617B-BCAB-4559-8B8A-53EB3571A5DE}.Release|Any CPU.ActiveCfg = Release|Any CPU
		{24FB617B-BCAB-4559-8B8A-53EB3571A5DE}.Release|Any CPU.Build.0 = Release|Any CPU
		{01BADB86-9C11-4FD8-94E9-171EB5428C19}.Debug|Any CPU.ActiveCfg = Debug|Any CPU
		{01BADB86-9C11-4FD8-94E9-171EB5428C19}.Debug|Any CPU.Build.0 = Debug|Any CPU
		{01BADB86-9C11-4FD8-94E9-171EB5428C19}.Release|Any CPU.ActiveCfg = Release|Any CPU
		{01BADB86-9C11-4FD8-94E9-171EB5428C19}.Release|Any CPU.Build.0 = Release|Any CPU
	EndGlobalSection
	GlobalSection(SolutionProperties) = preSolution
		HideSolutionNode = FALSE
	EndGlobalSection
	GlobalSection(ExtensibilityGlobals) = postSolution
		SolutionGuid = {FDA2EE30-BED6-4909-9AB4-38A4F023CFDC}
	EndGlobalSection
EndGlobal
